
Microsoft Visual Studio Solution File, Format Version 12.00
# Visual Studio 15
VisualStudioVersion = 15.0.28010.2048
MinimumVisualStudioVersion = 10.0.40219.1
Project("{FAE04EC0-301F-11D3-BF4B-00C04F79EFBC}") = "IP Aplikacija", "IP Aplikacija\IP Aplikacija.csproj", "{ECC97606-98A5-40CF-9D95-91E8822932E5}"
EndProject
Global
	GlobalSection(SolutionConfigurationPlatforms) = preSolution
		Debug|Any CPU = Debug|Any CPU
		Release|Any CPU = Release|Any CPU
	EndGlobalSection
	GlobalSection(ProjectConfigurationPlatforms) = postSolution
		{ECC97606-98A5-40CF-9D95-91E8822932E5}.Debug|Any CPU.ActiveCfg = Debug|Any CPU
		{ECC97606-98A5-40CF-9D95-91E8822932E5}.Debug|Any CPU.Build.0 = Debug|Any CPU
		{ECC97606-98A5-40CF-9D95-91E8822932E5}.Release|Any CPU.ActiveCfg = Release|Any CPU
		{ECC97606-98A5-40CF-9D95-91E8822932E5}.Release|Any CPU.Build.0 = Release|Any CPU
	EndGlobalSection
	GlobalSection(SolutionProperties) = preSolution
		HideSolutionNode = FALSE
	EndGlobalSection
	GlobalSection(ExtensibilityGlobals) = postSolution
		SolutionGuid = {B95A9E2B-9724-4AF2-BFBA-36B3B1E0A59C}
	EndGlobalSection
EndGlobal
